# THIS IS AN AUTOGENERATED FILE. DO NOT EDIT THIS FILE DIRECTLY.
# yarn lockfile v1


array-source@0.0:
  version "0.0.4"
  resolved "https://registry.yarnpkg.com/array-source/-/array-source-0.0.4.tgz#a525df4a84b1376d27c677cd426a97c3882f8aca"

buffer-from@^1.0.0:
  version "1.0.0"
  resolved "https://registry.yarnpkg.com/buffer-from/-/buffer-from-1.0.0.tgz#4cb8832d23612589b0406e9e2956c17f06fdf531"

commander@2, commander@^2.4.0:
  version "2.15.1"
  resolved "https://registry.yarnpkg.com/commander/-/commander-2.15.1.tgz#df46e867d0fc2aec66a34662b406a9ccafff5b0f"

concat-stream@^2.0.0:
  version "2.0.0"
  resolved "https://registry.yarnpkg.com/concat-stream/-/concat-stream-2.0.0.tgz#414cf5af790a48c60ab9be4527d56d5e41133cb1"
  dependencies:
    buffer-from "^1.0.0"
    inherits "^2.0.3"
    readable-stream "^3.0.2"
    typedarray "^0.0.6"

concat-stream@~1.4.1:
  version "1.4.11"
  resolved "https://registry.yarnpkg.com/concat-stream/-/concat-stream-1.4.11.tgz#1dc9f666f2621da9c618b1e7f8f3b2ff70b5f76f"
  dependencies:
    inherits "~2.0.1"
    readable-stream "~1.1.9"
    typedarray "~0.0.5"

core-util-is@~1.0.0:
  version "1.0.2"
  resolved "https://registry.yarnpkg.com/core-util-is/-/core-util-is-1.0.2.tgz#b5fd54220aa2bc5ab57aab7140c940754503c1a7"

file-source@0.6:
  version "0.6.1"
  resolved "https://registry.yarnpkg.com/file-source/-/file-source-0.6.1.tgz#ae189d4993766b865a77f83adcf9b9a504cd37dc"
  dependencies:
    stream-source "0.3"

geobuf@^3.0.2:
  version "3.0.2"
  resolved "https://registry.yarnpkg.com/geobuf/-/geobuf-3.0.2.tgz#9b4debb57ce72ca2bef027223f3098c4f3975cd3"
  dependencies:
    concat-stream "^2.0.0"
    pbf "^3.2.1"
    shapefile "~0.6.6"

geojson-precision@^0.4.0:
  version "0.4.0"
  resolved "https://registry.yarnpkg.com/geojson-precision/-/geojson-precision-0.4.0.tgz#d8efa4df16a4a68e43f2d1ebf4dadffff10c89dc"
  dependencies:
    commander "^2.4.0"

ieee754@^1.1.12:
  version "1.1.13"
  resolved "https://registry.yarnpkg.com/ieee754/-/ieee754-1.1.13.tgz#ec168558e95aa181fd87d37f55c32bbcb6708b84"

inherits@^2.0.3, inherits@~2.0.1:
  version "2.0.3"
  resolved "https://registry.yarnpkg.com/inherits/-/inherits-2.0.3.tgz#633c2c83e3da42a502f52466022480f4208261de"

isarray@0.0.1:
  version "0.0.1"
  resolved "https://registry.yarnpkg.com/isarray/-/isarray-0.0.1.tgz#8a18acfca9a8f4177e09abfc6038939b05d1eedf"

minimist@1.2.5:
  version "1.2.5"
  resolved "https://registry.yarnpkg.com/minimist/-/minimist-1.2.5.tgz#67d66014b66a6a8aaa0c083c5fd58df4e4e97602"

path-source@0.1:
  version "0.1.3"
  resolved "https://registry.yarnpkg.com/path-source/-/path-source-0.1.3.tgz#03907c595480aa2596a15a901c44f745736e7a73"
  dependencies:
    array-source "0.0"
    file-source "0.6"

pbf@^3.2.1:
  version "3.2.1"
  resolved "https://registry.yarnpkg.com/pbf/-/pbf-3.2.1.tgz#b4c1b9e72af966cd82c6531691115cc0409ffe2a"
  dependencies:
    ieee754 "^1.1.12"
    resolve-protobuf-schema "^2.1.0"

protocol-buffers-schema@^3.3.1:
  version "3.4.0"
  resolved "https://registry.yarnpkg.com/protocol-buffers-schema/-/protocol-buffers-schema-3.4.0.tgz#2f0ea31ca96627d680bf2fefae7ebfa2b6453eae"

readable-stream@^3.0.2:
  version "3.6.0"
  resolved "https://registry.yarnpkg.com/readable-stream/-/readable-stream-3.6.0.tgz#337bbda3adc0706bd3e024426a286d4b4b2c9198"
  dependencies:
    inherits "^2.0.3"
    string_decoder "^1.1.1"
    util-deprecate "^1.0.1"

readable-stream@~1.1.9:
  version "1.1.14"
  resolved "https://registry.yarnpkg.com/readable-stream/-/readable-stream-1.1.14.tgz#7cf4c54ef648e3813084c636dd2079e166c081d9"
  dependencies:
    core-util-is "~1.0.0"
    inherits "~2.0.1"
    isarray "0.0.1"
    string_decoder "~0.10.x"

resolve-protobuf-schema@^2.1.0:
  version "2.1.0"
  resolved "https://registry.yarnpkg.com/resolve-protobuf-schema/-/resolve-protobuf-schema-2.1.0.tgz#9ca9a9e69cf192bbdaf1006ec1973948aa4a3758"
  dependencies:
    protocol-buffers-schema "^3.3.1"

safe-buffer@~5.2.0:
  version "5.2.1"
  resolved "https://registry.yarnpkg.com/safe-buffer/-/safe-buffer-5.2.1.tgz#1eaf9fa9bdb1fdd4ec75f58f9cdb4e6b7827eec6"

shapefile@~0.6.6:
  version "0.6.6"
  resolved "https://registry.yarnpkg.com/shapefile/-/shapefile-0.6.6.tgz#6fee152b9fb2b1c85f690285b692fb68c95a5f4f"
  dependencies:
    array-source "0.0"
    commander "2"
    path-source "0.1"
    slice-source "0.4"
    stream-source "0.3"
    text-encoding "^0.6.4"

simplify-geojson@^1.0.4:
  version "1.0.4"
  resolved "https://registry.yarnpkg.com/simplify-geojson/-/simplify-geojson-1.0.4.tgz#5f61bd90003f67a0ae575b40552b13868f45a325"
  dependencies:
    concat-stream "~1.4.1"
    minimist "1.2.5"
    simplify-geometry "0.0.2"

simplify-geometry@0.0.2:
  version "0.0.2"
  resolved "https://registry.yarnpkg.com/simplify-geometry/-/simplify-geometry-0.0.2.tgz#63797e676eae96835ace02bcd27d3e1af544f49c"

slice-source@0.4:
  version "0.4.1"
  resolved "https://registry.yarnpkg.com/slice-source/-/slice-source-0.4.1.tgz#40a57ac03c6668b5da200e05378e000bf2a61d79"

stream-source@0.3:
  version "0.3.5"
  resolved "https://registry.yarnpkg.com/stream-source/-/stream-source-0.3.5.tgz#b97f52d0f8ea566db071db679b985403a31e0340"

string_decoder@^1.1.1:
  version "1.3.0"
  resolved "https://registry.yarnpkg.com/string_decoder/-/string_decoder-1.3.0.tgz#42f114594a46cf1a8e30b0a84f56c78c3edac21e"
  dependencies:
    safe-buffer "~5.2.0"

string_decoder@~0.10.x:
  version "0.10.31"
  resolved "https://registry.yarnpkg.com/string_decoder/-/string_decoder-0.10.31.tgz#62e203bc41766c6c28c9fc84301dab1c5310fa94"

text-encoding@^0.6.4:
  version "0.6.4"
  resolved "https://registry.yarnpkg.com/text-encoding/-/text-encoding-0.6.4.tgz#e399a982257a276dae428bb92845cb71bdc26d19"

typedarray@^0.0.6, typedarray@~0.0.5:
  version "0.0.6"
  resolved "https://registry.yarnpkg.com/typedarray/-/typedarray-0.0.6.tgz#867ac74e3864187b1d3d47d996a78ec5c8830777"

util-deprecate@^1.0.1:
  version "1.0.2"
  resolved "https://registry.yarnpkg.com/util-deprecate/-/util-deprecate-1.0.2.tgz#450d4dc9fa70de732762fbd2d4a28981419a0ccf"
